
Microsoft Visual Studio Solution File, Format Version 12.00
# Visual Studio Version 16
VisualStudioVersion = 16.0.30503.244
MinimumVisualStudioVersion = 10.0.40219.1
Project("{FAE04EC0-301F-11D3-BF4B-00C04F79EFBC}") = "PetClinicAPI", "PetClinicAPI\PetClinicAPI.csproj", "{C67DDC22-8F5F-4FFD-863D-624EE4D98BB6}"
EndProject
Global
	GlobalSection(SolutionConfigurationPlatforms) = preSolution
		Debug|Any CPU = Debug|Any CPU
		Release|Any CPU = Release|Any CPU
	EndGlobalSection
	GlobalSection(ProjectConfigurationPlatforms) = postSolution
		{C67DDC22-8F5F-4FFD-863D-624EE4D98BB6}.Debug|Any CPU.ActiveCfg = Debug|Any CPU
		{C67DDC22-8F5F-4FFD-863D-624EE4D98BB6}.Debug|Any CPU.Build.0 = Debug|Any CPU
		{C67DDC22-8F5F-4FFD-863D-624EE4D98BB6}.Release|Any CPU.ActiveCfg = Release|Any CPU
		{C67DDC22-8F5F-4FFD-863D-624EE4D98BB6}.Release|Any CPU.Build.0 = Release|Any CPU
	EndGlobalSection
	GlobalSection(SolutionProperties) = preSolution
		HideSolutionNode = FALSE
	EndGlobalSection
	GlobalSection(ExtensibilityGlobals) = postSolution
		SolutionGuid = {F93F0A71-2923-4427-A836-34E11C884D44}
	EndGlobalSection
EndGlobal
